// !$*UTF8*$!
{
	archiveVersion = 1;
	classes = {
	};
	objectVersion = 46;
	objects = {

/* Begin PBXBuildFile section */
		4B93F16B171F9B8800A9A695 /* UIKit.framework in Frameworks */ = {isa = PBXBuildFile; fileRef = 4B93F16A171F9B8800A9A695 /* UIKit.framework */; };
		4B93F16D171F9B8800A9A695 /* Foundation.framework in Frameworks */ = {isa = PBXBuildFile; fileRef = 4B93F16C171F9B8800A9A695 /* Foundation.framework */; };
		4B93F16F171F9B8800A9A695 /* CoreGraphics.framework in Frameworks */ = {isa = PBXBuildFile; fileRef = 4B93F16E171F9B8800A9A695 /* CoreGraphics.framework */; };
		4B93F175171F9B8800A9A695 /* InfoPlist.strings in Resources */ = {isa = PBXBuildFile; fileRef = 4B93F173171F9B8800A9A695 /* InfoPlist.strings */; };
		4B93F177171F9B8800A9A695 /* main.m in Sources */ = {isa = PBXBuildFile; fileRef = 4B93F176171F9B8800A9A695 /* main.m */; };
		4B93F17B171F9B8800A9A695 /* AppDelegate.m in Sources */ = {isa = PBXBuildFile; fileRef = 4B93F17A171F9B8800A9A695 /* AppDelegate.m */; };
		4B93F17D171F9B8800A9A695 /* Default.png in Resources */ = {isa = PBXBuildFile; fileRef = 4B93F17C171F9B8800A9A695 /* Default.png */; };
		4B93F17F171F9B8800A9A695 /* Default@2x.png in Resources */ = {isa = PBXBuildFile; fileRef = 4B93F17E171F9B8800A9A695 /* Default@2x.png */; };
		4B93F181171F9B8800A9A695 /* Default-568h@2x.png in Resources */ = {isa = PBXBuildFile; fileRef = 4B93F180171F9B8800A9A695 /* Default-568h@2x.png */; };
		4B93F184171F9B8800A9A695 /* ViewController.m in Sources */ = {isa = PBXBuildFile; fileRef = 4B93F183171F9B8800A9A695 /* ViewController.m */; };
		4B93F187171F9B8800A9A695 /* ViewController.xib in Resources */ = {isa = PBXBuildFile; fileRef = 4B93F185171F9B8800A9A695 /* ViewController.xib */; };
		859D5768171FCC6F00906737 /* Vocabulary.m in Sources */ = {isa = PBXBuildFile; fileRef = 859D5767171FCC6F00906737 /* Vocabulary.m */; };
		859D576B171FD15F00906737 /* VocabularyDict.m in Sources */ = {isa = PBXBuildFile; fileRef = 859D576A171FD15F00906737 /* VocabularyDict.m */; };
/* End PBXBuildFile section */

/* Begin PBXFileReference section */
		4B93F166171F9B8800A9A695 /* EFHack2013.app */ = {isa = PBXFileReference; explicitFileType = wrapper.application; includeInIndex = 0; path = EFHack2013.app; sourceTree = BUILT_PRODUCTS_DIR; };
		4B93F16A171F9B8800A9A695 /* UIKit.framework */ = {isa = PBXFileReference; lastKnownFileType = wrapper.framework; name = UIKit.framework; path = System/Library/Frameworks/UIKit.framework; sourceTree = SDKROOT; };
		4B93F16C171F9B8800A9A695 /* Foundation.framework */ = {isa = PBXFileReference; lastKnownFileType = wrapper.framework; name = Foundation.framework; path = System/Library/Frameworks/Foundation.framework; sourceTree = SDKROOT; };
		4B93F16E171F9B8800A9A695 /* CoreGraphics.framework */ = {isa = PBXFileReference; lastKnownFileType = wrapper.framework; name = CoreGraphics.framework; path = System/Library/Frameworks/CoreGraphics.framework; sourceTree = SDKROOT; };
		4B93F172171F9B8800A9A695 /* EFHack2013-Info.plist */ = {isa = PBXFileReference; lastKnownFileType = text.plist.xml; path = "EFHack2013-Info.plist"; sourceTree = "<group>"; };
		4B93F174171F9B8800A9A695 /* en */ = {isa = PBXFileReference; lastKnownFileType = text.plist.strings; name = en; path = en.lproj/InfoPlist.strings; sourceTree = "<group>"; };
		4B93F176171F9B8800A9A695 /* main.m */ = {isa = PBXFileReference; lastKnownFileType = sourcecode.c.objc; path = main.m; sourceTree = "<group>"; };
		4B93F178171F9B8800A9A695 /* EFHack2013-Prefix.pch */ = {isa = PBXFileReference; lastKnownFileType = sourcecode.c.h; path = "EFHack2013-Prefix.pch"; sourceTree = "<group>"; };
		4B93F179171F9B8800A9A695 /* AppDelegate.h */ = {isa = PBXFileReference; lastKnownFileType = sourcecode.c.h; path = AppDelegate.h; sourceTree = "<group>"; };
		4B93F17A171F9B8800A9A695 /* AppDelegate.m */ = {isa = PBXFileReference; lastKnownFileType = sourcecode.c.objc; path = AppDelegate.m; sourceTree = "<group>"; };
		4B93F17C171F9B8800A9A695 /* Default.png */ = {isa = PBXFileReference; lastKnownFileType = image.png; path = Default.png; sourceTree = "<group>"; };
		4B93F17E171F9B8800A9A695 /* Default@2x.png */ = {isa = PBXFileReference; lastKnownFileType = image.png; path = "Default@2x.png"; sourceTree = "<group>"; };
		4B93F180171F9B8800A9A695 /* Default-568h@2x.png */ = {isa = PBXFileReference; lastKnownFileType = image.png; path = "Default-568h@2x.png"; sourceTree = "<group>"; };
		4B93F182171F9B8800A9A695 /* ViewController.h */ = {isa = PBXFileReference; lastKnownFileType = sourcecode.c.h; path = ViewController.h; sourceTree = "<group>"; };
		4B93F183171F9B8800A9A695 /* ViewController.m */ = {isa = PBXFileReference; lastKnownFileType = sourcecode.c.objc; path = ViewController.m; sourceTree = "<group>"; };
		4B93F186171F9B8800A9A695 /* en */ = {isa = PBXFileReference; lastKnownFileType = file.xib; name = en; path = en.lproj/ViewController.xib; sourceTree = "<group>"; };
		859D5766171FCC6F00906737 /* Vocabulary.h */ = {isa = PBXFileReference; fileEncoding = 4; lastKnownFileType = sourcecode.c.h; path = Vocabulary.h; sourceTree = "<group>"; };
		859D5767171FCC6F00906737 /* Vocabulary.m */ = {isa = PBXFileReference; fileEncoding = 4; lastKnownFileType = sourcecode.c.objc; path = Vocabulary.m; sourceTree = "<group>"; };
		859D5769171FD15F00906737 /* VocabularyDict.h */ = {isa = PBXFileReference; fileEncoding = 4; lastKnownFileType = sourcecode.c.h; path = VocabularyDict.h; sourceTree = "<group>"; };
		859D576A171FD15F00906737 /* VocabularyDict.m */ = {isa = PBXFileReference; fileEncoding = 4; lastKnownFileType = sourcecode.c.objc; path = VocabularyDict.m; sourceTree = "<group>"; };
/* End PBXFileReference section */

/* Begin PBXFrameworksBuildPhase section */
		4B93F163171F9B8800A9A695 /* Frameworks */ = {
			isa = PBXFrameworksBuildPhase;
			buildActionMask = 2147483647;
			files = (
				4B93F16B171F9B8800A9A695 /* UIKit.framework in Frameworks */,
				4B93F16D171F9B8800A9A695 /* Foundation.framework in Frameworks */,
				4B93F16F171F9B8800A9A695 /* CoreGraphics.framework in Frameworks */,
			);
			runOnlyForDeploymentPostprocessing = 0;
		};
/* End PBXFrameworksBuildPhase section */

/* Begin PBXGroup section */
		4B93F15B171F9B8800A9A695 = {
			isa = PBXGroup;
			children = (
				4B93F170171F9B8800A9A695 /* EFHack2013 */,
				4B93F169171F9B8800A9A695 /* Frameworks */,
				4B93F167171F9B8800A9A695 /* Products */,
			);
			sourceTree = "<group>";
		};
		4B93F167171F9B8800A9A695 /* Products */ = {
			isa = PBXGroup;
			children = (
				4B93F166171F9B8800A9A695 /* EFHack2013.app */,
			);
			name = Products;
			sourceTree = "<group>";
		};
		4B93F169171F9B8800A9A695 /* Frameworks */ = {
			isa = PBXGroup;
			children = (
				4B93F16A171F9B8800A9A695 /* UIKit.framework */,
				4B93F16C171F9B8800A9A695 /* Foundation.framework */,
				4B93F16E171F9B8800A9A695 /* CoreGraphics.framework */,
			);
			name = Frameworks;
			sourceTree = "<group>";
		};
		4B93F170171F9B8800A9A695 /* EFHack2013 */ = {
			isa = PBXGroup;
			children = (
				859D5765171FCC2C00906737 /* Model */,
				4B93F179171F9B8800A9A695 /* AppDelegate.h */,
				4B93F17A171F9B8800A9A695 /* AppDelegate.m */,
				4B93F182171F9B8800A9A695 /* ViewController.h */,
				4B93F183171F9B8800A9A695 /* ViewController.m */,
				4B93F185171F9B8800A9A695 /* ViewController.xib */,
				4B93F171171F9B8800A9A695 /* Supporting Files */,
			);
			path = EFHack2013;
			sourceTree = "<group>";
		};
		4B93F171171F9B8800A9A695 /* Supporting Files */ = {
			isa = PBXGroup;
			children = (
				4B93F172171F9B8800A9A695 /* EFHack2013-Info.plist */,
				4B93F173171F9B8800A9A695 /* InfoPlist.strings */,
				4B93F176171F9B8800A9A695 /* main.m */,
				4B93F178171F9B8800A9A695 /* EFHack2013-Prefix.pch */,
				4B93F17C171F9B8800A9A695 /* Default.png */,
				4B93F17E171F9B8800A9A695 /* Default@2x.png */,
				4B93F180171F9B8800A9A695 /* Default-568h@2x.png */,
			);
			name = "Supporting Files";
			sourceTree = "<group>";
		};
		859D5765171FCC2C00906737 /* Model */ = {
			isa = PBXGroup;
			children = (
				859D5766171FCC6F00906737 /* Vocabulary.h */,
				859D5767171FCC6F00906737 /* Vocabulary.m */,
				859D5769171FD15F00906737 /* VocabularyDict.h */,
				859D576A171FD15F00906737 /* VocabularyDict.m */,
			);
			path = Model;
			sourceTree = "<group>";
		};
/* End PBXGroup section */

/* Begin PBXNativeTarget section */
		4B93F165171F9B8800A9A695 /* EFHack2013 */ = {
			isa = PBXNativeTarget;
			buildConfigurationList = 4B93F18A171F9B8800A9A695 /* Build configuration list for PBXNativeTarget "EFHack2013" */;
			buildPhases = (
				4B93F162171F9B8800A9A695 /* Sources */,
				4B93F163171F9B8800A9A695 /* Frameworks */,
				4B93F164171F9B8800A9A695 /* Resources */,
			);
			buildRules = (
			);
			dependencies = (
			);
			name = EFHack2013;
			productName = EFHack2013;
			productReference = 4B93F166171F9B8800A9A695 /* EFHack2013.app */;
			productType = "com.apple.product-type.application";
		};
/* End PBXNativeTarget section */

/* Begin PBXProject section */
		4B93F15D171F9B8800A9A695 /* Project object */ = {
			isa = PBXProject;
			attributes = {
				LastUpgradeCheck = 0450;
				ORGANIZATIONNAME = zhangkai;
			};
			buildConfigurationList = 4B93F160171F9B8800A9A695 /* Build configuration list for PBXProject "EFHack2013" */;
			compatibilityVersion = "Xcode 3.2";
			developmentRegion = English;
			hasScannedForEncodings = 0;
			knownRegions = (
				en,
			);
			mainGroup = 4B93F15B171F9B8800A9A695;
			productRefGroup = 4B93F167171F9B8800A9A695 /* Products */;
			projectDirPath = "";
			projectRoot = "";
			targets = (
				4B93F165171F9B8800A9A695 /* EFHack2013 */,
			);
		};
/* End PBXProject section */

/* Begin PBXResourcesBuildPhase section */
		4B93F164171F9B8800A9A695 /* Resources */ = {
			isa = PBXResourcesBuildPhase;
			buildActionMask = 2147483647;
			files = (
				4B93F175171F9B8800A9A695 /* InfoPlist.strings in Resources */,
				4B93F17D171F9B8800A9A695 /* Default.png in Resources */,
				4B93F17F171F9B8800A9A695 /* Default@2x.png in Resources */,
				4B93F181171F9B8800A9A695 /* Default-568h@2x.png in Resources */,
				4B93F187171F9B8800A9A695 /* ViewController.xib in Resources */,
			);
			runOnlyForDeploymentPostprocessing = 0;
		};
/* End PBXResourcesBuildPhase section */

/* Begin PBXSourcesBuildPhase section */
		4B93F162171F9B8800A9A695 /* Sources */ = {
			isa = PBXSourcesBuildPhase;
			buildActionMask = 2147483647;
			files = (
				4B93F177171F9B8800A9A695 /* main.m in Sources */,
				4B93F17B171F9B8800A9A695 /* AppDelegate.m in Sources */,
				4B93F184171F9B8800A9A695 /* ViewController.m in Sources */,
				859D5768171FCC6F00906737 /* Vocabulary.m in Sources */,
				859D576B171FD15F00906737 /* VocabularyDict.m in Sources */,
			);
			runOnlyForDeploymentPostprocessing = 0;
		};
/* End PBXSourcesBuildPhase section */

/* Begin PBXVariantGroup section */
		4B93F173171F9B8800A9A695 /* InfoPlist.strings */ = {
			isa = PBXVariantGroup;
			children = (
				4B93F174171F9B8800A9A695 /* en */,
			);
			name = InfoPlist.strings;
			sourceTree = "<group>";
		};
		4B93F185171F9B8800A9A695 /* ViewController.xib */ = {
			isa = PBXVariantGroup;
			children = (
				4B93F186171F9B8800A9A695 /* en */,
			);
			name = ViewController.xib;
			sourceTree = "<group>";
		};
/* End PBXVariantGroup section */

/* Begin XCBuildConfiguration section */
		4B93F188171F9B8800A9A695 /* Debug */ = {
			isa = XCBuildConfiguration;
			buildSettings = {
				ALWAYS_SEARCH_USER_PATHS = NO;
				CLANG_CXX_LANGUAGE_STANDARD = "gnu++0x";
				CLANG_CXX_LIBRARY = "libc++";
				CLANG_WARN_EMPTY_BODY = YES;
				CLANG_WARN__DUPLICATE_METHOD_MATCH = YES;
				"CODE_SIGN_IDENTITY[sdk=iphoneos*]" = "iPhone Developer";
				COPY_PHASE_STRIP = NO;
				GCC_C_LANGUAGE_STANDARD = gnu99;
				GCC_DYNAMIC_NO_PIC = NO;
				GCC_OPTIMIZATION_LEVEL = 0;
				GCC_PREPROCESSOR_DEFINITIONS = (
					"DEBUG=1",
					"$(inherited)",
				);
				GCC_SYMBOLS_PRIVATE_EXTERN = NO;
				GCC_WARN_ABOUT_RETURN_TYPE = YES;
				GCC_WARN_UNINITIALIZED_AUTOS = YES;
				GCC_WARN_UNUSED_VARIABLE = YES;
				IPHONEOS_DEPLOYMENT_TARGET = 6.0;
				ONLY_ACTIVE_ARCH = YES;
				SDKROOT = iphoneos;
			};
			name = Debug;
		};
		4B93F189171F9B8800A9A695 /* Release */ = {
			isa = XCBuildConfiguration;
			buildSettings = {
				ALWAYS_SEARCH_USER_PATHS = NO;
				CLANG_CXX_LANGUAGE_STANDARD = "gnu++0x";
				CLANG_CXX_LIBRARY = "libc++";
				CLANG_WARN_EMPTY_BODY = YES;
				CLANG_WARN__DUPLICATE_METHOD_MATCH = YES;
				"CODE_SIGN_IDENTITY[sdk=iphoneos*]" = "iPhone Developer";
				COPY_PHASE_STRIP = YES;
				GCC_C_LANGUAGE_STANDARD = gnu99;
				GCC_WARN_ABOUT_RETURN_TYPE = YES;
				GCC_WARN_UNINITIALIZED_AUTOS = YES;
				GCC_WARN_UNUSED_VARIABLE = YES;
				IPHONEOS_DEPLOYMENT_TARGET = 6.0;
				OTHER_CFLAGS = "-DNS_BLOCK_ASSERTIONS=1";
				SDKROOT = iphoneos;
				VALIDATE_PRODUCT = YES;
			};
			name = Release;
		};
		4B93F18B171F9B8800A9A695 /* Debug */ = {
			isa = XCBuildConfiguration;
			buildSettings = {
				GCC_PRECOMPILE_PREFIX_HEADER = YES;
				GCC_PREFIX_HEADER = "EFHack2013/EFHack2013-Prefix.pch";
				INFOPLIST_FILE = "EFHack2013/EFHack2013-Info.plist";
				PRODUCT_NAME = "$(TARGET_NAME)";
				WRAPPER_EXTENSION = app;
			};
			name = Debug;
		};
		4B93F18C171F9B8800A9A695 /* Release */ = {
			isa = XCBuildConfiguration;
			buildSettings = {
				GCC_PRECOMPILE_PREFIX_HEADER = YES;
				GCC_PREFIX_HEADER = "EFHack2013/EFHack2013-Prefix.pch";
				INFOPLIST_FILE = "EFHack2013/EFHack2013-Info.plist";
				PRODUCT_NAME = "$(TARGET_NAME)";
				WRAPPER_EXTENSION = app;
			};
			name = Release;
		};
/* End XCBuildConfiguration section */

/* Begin XCConfigurationList section */
		4B93F160171F9B8800A9A695 /* Build configuration list for PBXProject "EFHack2013" */ = {
			isa = XCConfigurationList;
			buildConfigurations = (
				4B93F188171F9B8800A9A695 /* Debug */,
				4B93F189171F9B8800A9A695 /* Release */,
			);
			defaultConfigurationIsVisible = 0;
			defaultConfigurationName = Release;
		};
		4B93F18A171F9B8800A9A695 /* Build configuration list for PBXNativeTarget "EFHack2013" */ = {
			isa = XCConfigurationList;
			buildConfigurations = (
				4B93F18B171F9B8800A9A695 /* Debug */,
				4B93F18C171F9B8800A9A695 /* Release */,
			);
			defaultConfigurationIsVisible = 0;
			defaultConfigurationName = Release;
		};
/* End XCConfigurationList section */
	};
	rootObject = 4B93F15D171F9B8800A9A695 /* Project object */;
}
